// !$*UTF8*$!
{
	archiveVersion = 1;
	classes = {
	};
	objectVersion = 55;
	objects = {

/* Begin PBXBuildFile section */
		C006D5362829990A00221C19 /* AppDelegate.swift in Sources */ = {isa = PBXBuildFile; fileRef = C006D5352829990A00221C19 /* AppDelegate.swift */; };
		C006D5382829990A00221C19 /* SceneDelegate.swift in Sources */ = {isa = PBXBuildFile; fileRef = C006D5372829990A00221C19 /* SceneDelegate.swift */; };
		C006D53A2829990A00221C19 /* MyRootViewController.swift in Sources */ = {isa = PBXBuildFile; fileRef = C006D5392829990A00221C19 /* MyRootViewController.swift */; };
		C006D53D2829990A00221C19 /* Main.storyboard in Resources */ = {isa = PBXBuildFile; fileRef = C006D53B2829990A00221C19 /* Main.storyboard */; };
		C006D53F2829990A00221C19 /* Assets.xcassets in Resources */ = {isa = PBXBuildFile; fileRef = C006D53E2829990A00221C19 /* Assets.xcassets */; };
		C006D5422829990A00221C19 /* LaunchScreen.storyboard in Resources */ = {isa = PBXBuildFile; fileRef = C006D5402829990A00221C19 /* LaunchScreen.storyboard */; };
		C006D54C28299E6E00221C19 /* Team.swift in Sources */ = {isa = PBXBuildFile; fileRef = C006D54B28299E6E00221C19 /* Team.swift */; };
		C006D54E2829B77100221C19 /* Stage.swift in Sources */ = {isa = PBXBuildFile; fileRef = C006D54D2829B77100221C19 /* Stage.swift */; };
		C006D5502829BBA000221C19 /* Trip.swift in Sources */ = {isa = PBXBuildFile; fileRef = C006D54F2829BBA000221C19 /* Trip.swift */; };
/* End PBXBuildFile section */

/* Begin PBXFileReference section */
		C006D5322829990A00221C19 /* swift_04_kontroldarbs.app */ = {isa = PBXFileReference; explicitFileType = wrapper.application; includeInIndex = 0; path = swift_04_kontroldarbs.app; sourceTree = BUILT_PRODUCTS_DIR; };
		C006D5352829990A00221C19 /* AppDelegate.swift */ = {isa = PBXFileReference; lastKnownFileType = sourcecode.swift; path = AppDelegate.swift; sourceTree = "<group>"; };
		C006D5372829990A00221C19 /* SceneDelegate.swift */ = {isa = PBXFileReference; lastKnownFileType = sourcecode.swift; path = SceneDelegate.swift; sourceTree = "<group>"; };
		C006D5392829990A00221C19 /* MyRootViewController.swift */ = {isa = PBXFileReference; lastKnownFileType = sourcecode.swift; path = MyRootViewController.swift; sourceTree = "<group>"; };
		C006D53C2829990A00221C19 /* Base */ = {isa = PBXFileReference; lastKnownFileType = file.storyboard; name = Base; path = Base.lproj/Main.storyboard; sourceTree = "<group>"; };
		C006D53E2829990A00221C19 /* Assets.xcassets */ = {isa = PBXFileReference; lastKnownFileType = folder.assetcatalog; path = Assets.xcassets; sourceTree = "<group>"; };
		C006D5412829990A00221C19 /* Base */ = {isa = PBXFileReference; lastKnownFileType = file.storyboard; name = Base; path = Base.lproj/LaunchScreen.storyboard; sourceTree = "<group>"; };
		C006D5432829990A00221C19 /* Info.plist */ = {isa = PBXFileReference; lastKnownFileType = text.plist.xml; path = Info.plist; sourceTree = "<group>"; };
		C006D54B28299E6E00221C19 /* Team.swift */ = {isa = PBXFileReference; lastKnownFileType = sourcecode.swift; path = Team.swift; sourceTree = "<group>"; };
		C006D54D2829B77100221C19 /* Stage.swift */ = {isa = PBXFileReference; lastKnownFileType = sourcecode.swift; path = Stage.swift; sourceTree = "<group>"; };
		C006D54F2829BBA000221C19 /* Trip.swift */ = {isa = PBXFileReference; lastKnownFileType = sourcecode.swift; path = Trip.swift; sourceTree = "<group>"; };
/* End PBXFileReference section */

/* Begin PBXFrameworksBuildPhase section */
		C006D52F2829990A00221C19 /* Frameworks */ = {
			isa = PBXFrameworksBuildPhase;
			buildActionMask = 2147483647;
			files = (
			);
			runOnlyForDeploymentPostprocessing = 0;
		};
/* End PBXFrameworksBuildPhase section */

/* Begin PBXGroup section */
		C006D5292829990A00221C19 = {
			isa = PBXGroup;
			children = (
				C006D5342829990A00221C19 /* swift_04_kontroldarbs */,
				C006D5332829990A00221C19 /* Products */,
			);
			sourceTree = "<group>";
		};
		C006D5332829990A00221C19 /* Products */ = {
			isa = PBXGroup;
			children = (
				C006D5322829990A00221C19 /* swift_04_kontroldarbs.app */,
			);
			name = Products;
			sourceTree = "<group>";
		};
		C006D5342829990A00221C19 /* swift_04_kontroldarbs */ = {
			isa = PBXGroup;
			children = (
				C006D5352829990A00221C19 /* AppDelegate.swift */,
				C006D5372829990A00221C19 /* SceneDelegate.swift */,
				C006D5392829990A00221C19 /* MyRootViewController.swift */,
				C006D54B28299E6E00221C19 /* Team.swift */,
				C006D54D2829B77100221C19 /* Stage.swift */,
				C006D54F2829BBA000221C19 /* Trip.swift */,
				C006D53B2829990A00221C19 /* Main.storyboard */,
				C006D53E2829990A00221C19 /* Assets.xcassets */,
				C006D5402829990A00221C19 /* LaunchScreen.storyboard */,
				C006D5432829990A00221C19 /* Info.plist */,
			);
			path = swift_04_kontroldarbs;
			sourceTree = "<group>";
		};
/* End PBXGroup section */

/* Begin PBXNativeTarget section */
		C006D5312829990A00221C19 /* swift_04_kontroldarbs */ = {
			isa = PBXNativeTarget;
			buildConfigurationList = C006D5462829990A00221C19 /* Build configuration list for PBXNativeTarget "swift_04_kontroldarbs" */;
			buildPhases = (
				C006D52E2829990A00221C19 /* Sources */,
				C006D52F2829990A00221C19 /* Frameworks */,
				C006D5302829990A00221C19 /* Resources */,
			);
			buildRules = (
			);
			dependencies = (
			);
			name = swift_04_kontroldarbs;
			productName = swift_04_kontroldarbs;
			productReference = C006D5322829990A00221C19 /* swift_04_kontroldarbs.app */;
			productType = "com.apple.product-type.application";
		};
/* End PBXNativeTarget section */

/* Begin PBXProject section */
		C006D52A2829990A00221C19 /* Project object */ = {
			isa = PBXProject;
			attributes = {
				BuildIndependentTargetsInParallel = 1;
				LastSwiftUpdateCheck = 1330;
				LastUpgradeCheck = 1330;
				TargetAttributes = {
					C006D5312829990A00221C19 = {
						CreatedOnToolsVersion = 13.3.1;
					};
				};
			};
			buildConfigurationList = C006D52D2829990A00221C19 /* Build configuration list for PBXProject "swift_04_kontroldarbs" */;
			compatibilityVersion = "Xcode 13.0";
			developmentRegion = en;
			hasScannedForEncodings = 0;
			knownRegions = (
				en,
				Base,
			);
			mainGroup = C006D5292829990A00221C19;
			productRefGroup = C006D5332829990A00221C19 /* Products */;
			projectDirPath = "";
			projectRoot = "";
			targets = (
				C006D5312829990A00221C19 /* swift_04_kontroldarbs */,
			);
		};
/* End PBXProject section */

/* Begin PBXResourcesBuildPhase section */
		C006D5302829990A00221C19 /* Resources */ = {
			isa = PBXResourcesBuildPhase;
			buildActionMask = 2147483647;
			files = (
				C006D5422829990A00221C19 /* LaunchScreen.storyboard in Resources */,
				C006D53F2829990A00221C19 /* Assets.xcassets in Resources */,
				C006D53D2829990A00221C19 /* Main.storyboard in Resources */,
			);
			runOnlyForDeploymentPostprocessing = 0;
		};
/* End PBXResourcesBuildPhase section */

/* Begin PBXSourcesBuildPhase section */
		C006D52E2829990A00221C19 /* Sources */ = {
			isa = PBXSourcesBuildPhase;
			buildActionMask = 2147483647;
			files = (
				C006D5502829BBA000221C19 /* Trip.swift in Sources */,
				C006D54C28299E6E00221C19 /* Team.swift in Sources */,
				C006D53A2829990A00221C19 /* MyRootViewController.swift in Sources */,
				C006D5362829990A00221C19 /* AppDelegate.swift in Sources */,
				C006D54E2829B77100221C19 /* Stage.swift in Sources */,
				C006D5382829990A00221C19 /* SceneDelegate.swift in Sources */,
			);
			runOnlyForDeploymentPostprocessing = 0;
		};
/* End PBXSourcesBuildPhase section */

/* Begin PBXVariantGroup section */
		C006D53B2829990A00221C19 /* Main.storyboard */ = {
			isa = PBXVariantGroup;
			children = (
				C006D53C2829990A00221C19 /* Base */,
			);
			name = Main.storyboard;
			sourceTree = "<group>";
		};
		C006D5402829990A00221C19 /* LaunchScreen.storyboard */ = {
			isa = PBXVariantGroup;
			children = (
				C006D5412829990A00221C19 /* Base */,
			);
			name = LaunchScreen.storyboard;
			sourceTree = "<group>";
		};
/* End PBXVariantGroup section */

/* Begin XCBuildConfiguration section */
		C006D5442829990A00221C19 /* Debug */ = {
			isa = XCBuildConfiguration;
			buildSettings = {
				ALWAYS_SEARCH_USER_PATHS = NO;
				CLANG_ANALYZER_NONNULL = YES;
				CLANG_ANALYZER_NUMBER_OBJECT_CONVERSION = YES_AGGRESSIVE;
				CLANG_CXX_LANGUAGE_STANDARD = "gnu++17";
				CLANG_ENABLE_MODULES = YES;
				CLANG_ENABLE_OBJC_ARC = YES;
				CLANG_ENABLE_OBJC_WEAK = YES;
				CLANG_WARN_BLOCK_CAPTURE_AUTORELEASING = YES;
				CLANG_WARN_BOOL_CONVERSION = YES;
				CLANG_WARN_COMMA = YES;
				CLANG_WARN_CONSTANT_CONVERSION = YES;
				CLANG_WARN_DEPRECATED_OBJC_IMPLEMENTATIONS = YES;
				CLANG_WARN_DIRECT_OBJC_ISA_USAGE = YES_ERROR;
				CLANG_WARN_DOCUMENTATION_COMMENTS = YES;
				CLANG_WARN_EMPTY_BODY = YES;
				CLANG_WARN_ENUM_CONVERSION = YES;
				CLANG_WARN_INFINITE_RECURSION = YES;
				CLANG_WARN_INT_CONVERSION = YES;
				CLANG_WARN_NON_LITERAL_NULL_CONVERSION = YES;
				CLANG_WARN_OBJC_IMPLICIT_RETAIN_SELF = YES;
				CLANG_WARN_OBJC_LITERAL_CONVERSION = YES;
				CLANG_WARN_OBJC_ROOT_CLASS = YES_ERROR;
				CLANG_WARN_QUOTED_INCLUDE_IN_FRAMEWORK_HEADER = YES;
				CLANG_WARN_RANGE_LOOP_ANALYSIS = YES;
				CLANG_WARN_STRICT_PROTOTYPES = YES;
				CLANG_WARN_SUSPICIOUS_MOVE = YES;
				CLANG_WARN_UNGUARDED_AVAILABILITY = YES_AGGRESSIVE;
				CLANG_WARN_UNREACHABLE_CODE = YES;
				CLANG_WARN__DUPLICATE_METHOD_MATCH = YES;
				COPY_PHASE_STRIP = NO;
				DEBUG_INFORMATION_FORMAT = dwarf;
				ENABLE_STRICT_OBJC_MSGSEND = YES;
				ENABLE_TESTABILITY = YES;
				GCC_C_LANGUAGE_STANDARD = gnu11;
				GCC_DYNAMIC_NO_PIC = NO;
				GCC_NO_COMMON_BLOCKS = YES;
				GCC_OPTIMIZATION_LEVEL = 0;
				GCC_PREPROCESSOR_DEFINITIONS = (
					"DEBUG=1",
					"$(inherited)",
				);
				GCC_WARN_64_TO_32_BIT_CONVERSION = YES;
				GCC_WARN_ABOUT_RETURN_TYPE = YES_ERROR;
				GCC_WARN_UNDECLARED_SELECTOR = YES;
				GCC_WARN_UNINITIALIZED_AUTOS = YES_AGGRESSIVE;
				GCC_WARN_UNUSED_FUNCTION = YES;
				GCC_WARN_UNUSED_VARIABLE = YES;
				IPHONEOS_DEPLOYMENT_TARGET = 15.4;
				MTL_ENABLE_DEBUG_INFO = INCLUDE_SOURCE;
				MTL_FAST_MATH = YES;
				ONLY_ACTIVE_ARCH = YES;
				SDKROOT = iphoneos;
				SWIFT_ACTIVE_COMPILATION_CONDITIONS = DEBUG;
				SWIFT_OPTIMIZATION_LEVEL = "-Onone";
			};
			name = Debug;
		};
		C006D5452829990A00221C19 /* Release */ = {
			isa = XCBuildConfiguration;
			buildSettings = {
				ALWAYS_SEARCH_USER_PATHS = NO;
				CLANG_ANALYZER_NONNULL = YES;
				CLANG_ANALYZER_NUMBER_OBJECT_CONVERSION = YES_AGGRESSIVE;
				CLANG_CXX_LANGUAGE_STANDARD = "gnu++17";
				CLANG_ENABLE_MODULES = YES;
				CLANG_ENABLE_OBJC_ARC = YES;
				CLANG_ENABLE_OBJC_WEAK = YES;
				CLANG_WARN_BLOCK_CAPTURE_AUTORELEASING = YES;
				CLANG_WARN_BOOL_CONVERSION = YES;
				CLANG_WARN_COMMA = YES;
				CLANG_WARN_CONSTANT_CONVERSION = YES;
				CLANG_WARN_DEPRECATED_OBJC_IMPLEMENTATIONS = YES;
				CLANG_WARN_DIRECT_OBJC_ISA_USAGE = YES_ERROR;
				CLANG_WARN_DOCUMENTATION_COMMENTS = YES;
				CLANG_WARN_EMPTY_BODY = YES;
				CLANG_WARN_ENUM_CONVERSION = YES;
				CLANG_WARN_INFINITE_RECURSION = YES;
				CLANG_WARN_INT_CONVERSION = YES;
				CLANG_WARN_NON_LITERAL_NULL_CONVERSION = YES;
				CLANG_WARN_OBJC_IMPLICIT_RETAIN_SELF = YES;
				CLANG_WARN_OBJC_LITERAL_CONVERSION = YES;
				CLANG_WARN_OBJC_ROOT_CLASS = YES_ERROR;
				CLANG_WARN_QUOTED_INCLUDE_IN_FRAMEWORK_HEADER = YES;
				CLANG_WARN_RANGE_LOOP_ANALYSIS = YES;
				CLANG_WARN_STRICT_PROTOTYPES = YES;
				CLANG_WARN_SUSPICIOUS_MOVE = YES;
				CLANG_WARN_UNGUARDED_AVAILABILITY = YES_AGGRESSIVE;
				CLANG_WARN_UNREACHABLE_CODE = YES;
				CLANG_WARN__DUPLICATE_METHOD_MATCH = YES;
				COPY_PHASE_STRIP = NO;
				DEBUG_INFORMATION_FORMAT = "dwarf-with-dsym";
				ENABLE_NS_ASSERTIONS = NO;
				ENABLE_STRICT_OBJC_MSGSEND = YES;
				GCC_C_LANGUAGE_STANDARD = gnu11;
				GCC_NO_COMMON_BLOCKS = YES;
				GCC_WARN_64_TO_32_BIT_CONVERSION = YES;
				GCC_WARN_ABOUT_RETURN_TYPE = YES_ERROR;
				GCC_WARN_UNDECLARED_SELECTOR = YES;
				GCC_WARN_UNINITIALIZED_AUTOS = YES_AGGRESSIVE;
				GCC_WARN_UNUSED_FUNCTION = YES;
				GCC_WARN_UNUSED_VARIABLE = YES;
				IPHONEOS_DEPLOYMENT_TARGET = 15.4;
				MTL_ENABLE_DEBUG_INFO = NO;
				MTL_FAST_MATH = YES;
				SDKROOT = iphoneos;
				SWIFT_COMPILATION_MODE = wholemodule;
				SWIFT_OPTIMIZATION_LEVEL = "-O";
				VALIDATE_PRODUCT = YES;
			};
			name = Release;
		};
		C006D5472829990A00221C19 /* Debug */ = {
			isa = XCBuildConfiguration;
			buildSettings = {
				ASSETCATALOG_COMPILER_APPICON_NAME = AppIcon;
				ASSETCATALOG_COMPILER_GLOBAL_ACCENT_COLOR_NAME = AccentColor;
				CODE_SIGN_STYLE = Automatic;
				CURRENT_PROJECT_VERSION = 1;
				GENERATE_INFOPLIST_FILE = YES;
				INFOPLIST_FILE = swift_04_kontroldarbs/Info.plist;
				INFOPLIST_KEY_UIApplicationSupportsIndirectInputEvents = YES;
				INFOPLIST_KEY_UILaunchStoryboardName = LaunchScreen;
				INFOPLIST_KEY_UIMainStoryboardFile = Main;
				INFOPLIST_KEY_UISupportedInterfaceOrientations_iPad = "UIInterfaceOrientationPortrait UIInterfaceOrientationPortraitUpsideDown UIInterfaceOrientationLandscapeLeft UIInterfaceOrientationLandscapeRight";
				INFOPLIST_KEY_UISupportedInterfaceOrientations_iPhone = "UIInterfaceOrientationPortrait UIInterfaceOrientationLandscapeLeft UIInterfaceOrientationLandscapeRight";
				LD_RUNPATH_SEARCH_PATHS = (
					"$(inherited)",
					"@executable_path/Frameworks",
				);
				MARKETING_VERSION = 1.0;
				PRODUCT_BUNDLE_IDENTIFIER = "Satelitu-tehnologijas.swift-04-kontroldarbs";
				PRODUCT_NAME = "$(TARGET_NAME)";
				SWIFT_EMIT_LOC_STRINGS = YES;
				SWIFT_VERSION = 5.0;
				TARGETED_DEVICE_FAMILY = "1,2";
			};
			name = Debug;
		};
		C006D5482829990A00221C19 /* Release */ = {
			isa = XCBuildConfiguration;
			buildSettings = {
				ASSETCATALOG_COMPILER_APPICON_NAME = AppIcon;
				ASSETCATALOG_COMPILER_GLOBAL_ACCENT_COLOR_NAME = AccentColor;
				CODE_SIGN_STYLE = Automatic;
				CURRENT_PROJECT_VERSION = 1;
				GENERATE_INFOPLIST_FILE = YES;
				INFOPLIST_FILE = swift_04_kontroldarbs/Info.plist;
				INFOPLIST_KEY_UIApplicationSupportsIndirectInputEvents = YES;
				INFOPLIST_KEY_UILaunchStoryboardName = LaunchScreen;
				INFOPLIST_KEY_UIMainStoryboardFile = Main;
				INFOPLIST_KEY_UISupportedInterfaceOrientations_iPad = "UIInterfaceOrientationPortrait UIInterfaceOrientationPortraitUpsideDown UIInterfaceOrientationLandscapeLeft UIInterfaceOrientationLandscapeRight";
				INFOPLIST_KEY_UISupportedInterfaceOrientations_iPhone = "UIInterfaceOrientationPortrait UIInterfaceOrientationLandscapeLeft UIInterfaceOrientationLandscapeRight";
				LD_RUNPATH_SEARCH_PATHS = (
					"$(inherited)",
					"@executable_path/Frameworks",
				);
				MARKETING_VERSION = 1.0;
				PRODUCT_BUNDLE_IDENTIFIER = "Satelitu-tehnologijas.swift-04-kontroldarbs";
				PRODUCT_NAME = "$(TARGET_NAME)";
				SWIFT_EMIT_LOC_STRINGS = YES;
				SWIFT_VERSION = 5.0;
				TARGETED_DEVICE_FAMILY = "1,2";
			};
			name = Release;
		};
/* End XCBuildConfiguration section */

/* Begin XCConfigurationList section */
		C006D52D2829990A00221C19 /* Build configuration list for PBXProject "swift_04_kontroldarbs" */ = {
			isa = XCConfigurationList;
			buildConfigurations = (
				C006D5442829990A00221C19 /* Debug */,
				C006D5452829990A00221C19 /* Release */,
			);
			defaultConfigurationIsVisible = 0;
			defaultConfigurationName = Release;
		};
		C006D5462829990A00221C19 /* Build configuration list for PBXNativeTarget "swift_04_kontroldarbs" */ = {
			isa = XCConfigurationList;
			buildConfigurations = (
				C006D5472829990A00221C19 /* Debug */,
				C006D5482829990A00221C19 /* Release */,
			);
			defaultConfigurationIsVisible = 0;
			defaultConfigurationName = Release;
		};
/* End XCConfigurationList section */
	};
	rootObject = C006D52A2829990A00221C19 /* Project object */;
}
